// !$*UTF8*$!
{
	archiveVersion = 1;
	classes = {
	};
	objectVersion = 77;
	objects = {

/* Begin PBXBuildFile section */
		17ED03172D0CEFE800C406E1 /* FirebaseAnalytics in Frameworks */ = {isa = PBXBuildFile; productRef = 17ED03162D0CEFE800C406E1 /* FirebaseAnalytics */; };
		17ED03192D0CEFE800C406E1 /* FirebaseAppCheck in Frameworks */ = {isa = PBXBuildFile; productRef = 17ED03182D0CEFE800C406E1 /* FirebaseAppCheck */; };
		17ED031B2D0CEFE800C406E1 /* FirebaseAuth in Frameworks */ = {isa = PBXBuildFile; productRef = 17ED031A2D0CEFE800C406E1 /* FirebaseAuth */; };
		17ED031D2D0CEFE800C406E1 /* FirebaseDatabase in Frameworks */ = {isa = PBXBuildFile; productRef = 17ED031C2D0CEFE800C406E1 /* FirebaseDatabase */; };
		17ED031F2D0CEFE800C406E1 /* FirebaseStorage in Frameworks */ = {isa = PBXBuildFile; productRef = 17ED031E2D0CEFE800C406E1 /* FirebaseStorage */; };
/* End PBXBuildFile section */

/* Begin PBXContainerItemProxy section */
		17ED02F72D0CC81E00C406E1 /* PBXContainerItemProxy */ = {
			isa = PBXContainerItemProxy;
			containerPortal = 17ED02DE2D0CC81C00C406E1 /* Project object */;
			proxyType = 1;
			remoteGlobalIDString = 17ED02E52D0CC81C00C406E1;
			remoteInfo = esBudget;
		};
		17ED03012D0CC81E00C406E1 /* PBXContainerItemProxy */ = {
			isa = PBXContainerItemProxy;
			containerPortal = 17ED02DE2D0CC81C00C406E1 /* Project object */;
			proxyType = 1;
			remoteGlobalIDString = 17ED02E52D0CC81C00C406E1;
			remoteInfo = esBudget;
		};
/* End PBXContainerItemProxy section */

/* Begin PBXFileReference section */
		17ED02E62D0CC81C00C406E1 /* esBudget.app */ = {isa = PBXFileReference; explicitFileType = wrapper.application; includeInIndex = 0; path = esBudget.app; sourceTree = BUILT_PRODUCTS_DIR; };
		17ED02F62D0CC81E00C406E1 /* esBudgetTests.xctest */ = {isa = PBXFileReference; explicitFileType = wrapper.cfbundle; includeInIndex = 0; path = esBudgetTests.xctest; sourceTree = BUILT_PRODUCTS_DIR; };
		17ED03002D0CC81E00C406E1 /* esBudgetUITests.xctest */ = {isa = PBXFileReference; explicitFileType = wrapper.cfbundle; includeInIndex = 0; path = esBudgetUITests.xctest; sourceTree = BUILT_PRODUCTS_DIR; };
/* End PBXFileReference section */

/* Begin PBXFileSystemSynchronizedRootGroup section */
		17ED02E82D0CC81C00C406E1 /* esBudget */ = {
			isa = PBXFileSystemSynchronizedRootGroup;
			path = esBudget;
			sourceTree = "<group>";
		};
		17ED02F92D0CC81E00C406E1 /* esBudgetTests */ = {
			isa = PBXFileSystemSynchronizedRootGroup;
			path = esBudgetTests;
			sourceTree = "<group>";
		};
		17ED03032D0CC81E00C406E1 /* esBudgetUITests */ = {
			isa = PBXFileSystemSynchronizedRootGroup;
			path = esBudgetUITests;
			sourceTree = "<group>";
		};
/* End PBXFileSystemSynchronizedRootGroup section */

/* Begin PBXFrameworksBuildPhase section */
		17ED02E32D0CC81C00C406E1 /* Frameworks */ = {
			isa = PBXFrameworksBuildPhase;
			buildActionMask = 2147483647;
			files = (
				17ED03192D0CEFE800C406E1 /* FirebaseAppCheck in Frameworks */,
				17ED031B2D0CEFE800C406E1 /* FirebaseAuth in Frameworks */,
				17ED031D2D0CEFE800C406E1 /* FirebaseDatabase in Frameworks */,
				17ED031F2D0CEFE800C406E1 /* FirebaseStorage in Frameworks */,
				17ED03172D0CEFE800C406E1 /* FirebaseAnalytics in Frameworks */,
			);
			runOnlyForDeploymentPostprocessing = 0;
		};
		17ED02F32D0CC81E00C406E1 /* Frameworks */ = {
			isa = PBXFrameworksBuildPhase;
			buildActionMask = 2147483647;
			files = (
			);
			runOnlyForDeploymentPostprocessing = 0;
		};
		17ED02FD2D0CC81E00C406E1 /* Frameworks */ = {
			isa = PBXFrameworksBuildPhase;
			buildActionMask = 2147483647;
			files = (
			);
			runOnlyForDeploymentPostprocessing = 0;
		};
/* End PBXFrameworksBuildPhase section */

/* Begin PBXGroup section */
		17ED02DD2D0CC81C00C406E1 = {
			isa = PBXGroup;
			children = (
				17ED02E82D0CC81C00C406E1 /* esBudget */,
				17ED02F92D0CC81E00C406E1 /* esBudgetTests */,
				17ED03032D0CC81E00C406E1 /* esBudgetUITests */,
				17ED02E72D0CC81C00C406E1 /* Products */,
			);
			sourceTree = "<group>";
		};
		17ED02E72D0CC81C00C406E1 /* Products */ = {
			isa = PBXGroup;
			children = (
				17ED02E62D0CC81C00C406E1 /* esBudget.app */,
				17ED02F62D0CC81E00C406E1 /* esBudgetTests.xctest */,
				17ED03002D0CC81E00C406E1 /* esBudgetUITests.xctest */,
			);
			name = Products;
			sourceTree = "<group>";
		};
/* End PBXGroup section */

/* Begin PBXNativeTarget section */
		17ED02E52D0CC81C00C406E1 /* esBudget */ = {
			isa = PBXNativeTarget;
			buildConfigurationList = 17ED030A2D0CC81E00C406E1 /* Build configuration list for PBXNativeTarget "esBudget" */;
			buildPhases = (
				17ED02E22D0CC81C00C406E1 /* Sources */,
				17ED02E32D0CC81C00C406E1 /* Frameworks */,
				17ED02E42D0CC81C00C406E1 /* Resources */,
			);
			buildRules = (
			);
			dependencies = (
			);
			fileSystemSynchronizedGroups = (
				17ED02E82D0CC81C00C406E1 /* esBudget */,
			);
			name = esBudget;
			packageProductDependencies = (
				17ED03162D0CEFE800C406E1 /* FirebaseAnalytics */,
				17ED03182D0CEFE800C406E1 /* FirebaseAppCheck */,
				17ED031A2D0CEFE800C406E1 /* FirebaseAuth */,
				17ED031C2D0CEFE800C406E1 /* FirebaseDatabase */,
				17ED031E2D0CEFE800C406E1 /* FirebaseStorage */,
			);
			productName = esBudget;
			productReference = 17ED02E62D0CC81C00C406E1 /* esBudget.app */;
			productType = "com.apple.product-type.application";
		};
		17ED02F52D0CC81E00C406E1 /* esBudgetTests */ = {
			isa = PBXNativeTarget;
			buildConfigurationList = 17ED030D2D0CC81E00C406E1 /* Build configuration list for PBXNativeTarget "esBudgetTests" */;
			buildPhases = (
				17ED02F22D0CC81E00C406E1 /* Sources */,
				17ED02F32D0CC81E00C406E1 /* Frameworks */,
				17ED02F42D0CC81E00C406E1 /* Resources */,
			);
			buildRules = (
			);
			dependencies = (
				17ED02F82D0CC81E00C406E1 /* PBXTargetDependency */,
			);
			fileSystemSynchronizedGroups = (
				17ED02F92D0CC81E00C406E1 /* esBudgetTests */,
			);
			name = esBudgetTests;
			packageProductDependencies = (
			);
			productName = esBudgetTests;
			productReference = 17ED02F62D0CC81E00C406E1 /* esBudgetTests.xctest */;
			productType = "com.apple.product-type.bundle.unit-test";
		};
		17ED02FF2D0CC81E00C406E1 /* esBudgetUITests */ = {
			isa = PBXNativeTarget;
			buildConfigurationList = 17ED03102D0CC81E00C406E1 /* Build configuration list for PBXNativeTarget "esBudgetUITests" */;
			buildPhases = (
				17ED02FC2D0CC81E00C406E1 /* Sources */,
				17ED02FD2D0CC81E00C406E1 /* Frameworks */,
				17ED02FE2D0CC81E00C406E1 /* Resources */,
			);
			buildRules = (
			);
			dependencies = (
				17ED03022D0CC81E00C406E1 /* PBXTargetDependency */,
			);
			fileSystemSynchronizedGroups = (
				17ED03032D0CC81E00C406E1 /* esBudgetUITests */,
			);
			name = esBudgetUITests;
			packageProductDependencies = (
			);
			productName = esBudgetUITests;
			productReference = 17ED03002D0CC81E00C406E1 /* esBudgetUITests.xctest */;
			productType = "com.apple.product-type.bundle.ui-testing";
		};
/* End PBXNativeTarget section */

/* Begin PBXProject section */
		17ED02DE2D0CC81C00C406E1 /* Project object */ = {
			isa = PBXProject;
			attributes = {
				BuildIndependentTargetsInParallel = 1;
				LastSwiftUpdateCheck = 1620;
				LastUpgradeCheck = 1620;
				TargetAttributes = {
					17ED02E52D0CC81C00C406E1 = {
						CreatedOnToolsVersion = 16.2;
					};
					17ED02F52D0CC81E00C406E1 = {
						CreatedOnToolsVersion = 16.2;
						TestTargetID = 17ED02E52D0CC81C00C406E1;
					};
					17ED02FF2D0CC81E00C406E1 = {
						CreatedOnToolsVersion = 16.2;
						TestTargetID = 17ED02E52D0CC81C00C406E1;
					};
				};
			};
			buildConfigurationList = 17ED02E12D0CC81C00C406E1 /* Build configuration list for PBXProject "esBudget" */;
			developmentRegion = en;
			hasScannedForEncodings = 0;
			knownRegions = (
				en,
				Base,
			);
			mainGroup = 17ED02DD2D0CC81C00C406E1;
			minimizedProjectReferenceProxies = 1;
			packageReferences = (
				17ED03152D0CEFE800C406E1 /* XCRemoteSwiftPackageReference "firebase-ios-sdk" */,
			);
			preferredProjectObjectVersion = 77;
			productRefGroup = 17ED02E72D0CC81C00C406E1 /* Products */;
			projectDirPath = "";
			projectRoot = "";
			targets = (
				17ED02E52D0CC81C00C406E1 /* esBudget */,
				17ED02F52D0CC81E00C406E1 /* esBudgetTests */,
				17ED02FF2D0CC81E00C406E1 /* esBudgetUITests */,
			);
		};
/* End PBXProject section */

/* Begin PBXResourcesBuildPhase section */
		17ED02E42D0CC81C00C406E1 /* Resources */ = {
			isa = PBXResourcesBuildPhase;
			buildActionMask = 2147483647;
			files = (
			);
			runOnlyForDeploymentPostprocessing = 0;
		};
		17ED02F42D0CC81E00C406E1 /* Resources */ = {
			isa = PBXResourcesBuildPhase;
			buildActionMask = 2147483647;
			files = (
			);
			runOnlyForDeploymentPostprocessing = 0;
		};
		17ED02FE2D0CC81E00C406E1 /* Resources */ = {
			isa = PBXResourcesBuildPhase;
			buildActionMask = 2147483647;
			files = (
			);
			runOnlyForDeploymentPostprocessing = 0;
		};
/* End PBXResourcesBuildPhase section */

/* Begin PBXSourcesBuildPhase section */
		17ED02E22D0CC81C00C406E1 /* Sources */ = {
			isa = PBXSourcesBuildPhase;
			buildActionMask = 2147483647;
			files = (
			);
			runOnlyForDeploymentPostprocessing = 0;
		};
		17ED02F22D0CC81E00C406E1 /* Sources */ = {
			isa = PBXSourcesBuildPhase;
			buildActionMask = 2147483647;
			files = (
			);
			runOnlyForDeploymentPostprocessing = 0;
		};
		17ED02FC2D0CC81E00C406E1 /* Sources */ = {
			isa = PBXSourcesBuildPhase;
			buildActionMask = 2147483647;
			files = (
			);
			runOnlyForDeploymentPostprocessing = 0;
		};
/* End PBXSourcesBuildPhase section */

/* Begin PBXTargetDependency section */
		17ED02F82D0CC81E00C406E1 /* PBXTargetDependency */ = {
			isa = PBXTargetDependency;
			target = 17ED02E52D0CC81C00C406E1 /* esBudget */;
			targetProxy = 17ED02F72D0CC81E00C406E1 /* PBXContainerItemProxy */;
		};
		17ED03022D0CC81E00C406E1 /* PBXTargetDependency */ = {
			isa = PBXTargetDependency;
			target = 17ED02E52D0CC81C00C406E1 /* esBudget */;
			targetProxy = 17ED03012D0CC81E00C406E1 /* PBXContainerItemProxy */;
		};
/* End PBXTargetDependency section */

/* Begin XCBuildConfiguration section */
		17ED03082D0CC81E00C406E1 /* Debug */ = {
			isa = XCBuildConfiguration;
			buildSettings = {
				ALWAYS_SEARCH_USER_PATHS = NO;
				ASSETCATALOG_COMPILER_GENERATE_SWIFT_ASSET_SYMBOL_EXTENSIONS = YES;
				CLANG_ANALYZER_NONNULL = YES;
				CLANG_ANALYZER_NUMBER_OBJECT_CONVERSION = YES_AGGRESSIVE;
				CLANG_CXX_LANGUAGE_STANDARD = "gnu++20";
				CLANG_ENABLE_MODULES = YES;
				CLANG_ENABLE_OBJC_ARC = YES;
				CLANG_ENABLE_OBJC_WEAK = YES;
				CLANG_WARN_BLOCK_CAPTURE_AUTORELEASING = YES;
				CLANG_WARN_BOOL_CONVERSION = YES;
				CLANG_WARN_COMMA = YES;
				CLANG_WARN_CONSTANT_CONVERSION = YES;
				CLANG_WARN_DEPRECATED_OBJC_IMPLEMENTATIONS = YES;
				CLANG_WARN_DIRECT_OBJC_ISA_USAGE = YES_ERROR;
				CLANG_WARN_DOCUMENTATION_COMMENTS = YES;
				CLANG_WARN_EMPTY_BODY = YES;
				CLANG_WARN_ENUM_CONVERSION = YES;
				CLANG_WARN_INFINITE_RECURSION = YES;
				CLANG_WARN_INT_CONVERSION = YES;
				CLANG_WARN_NON_LITERAL_NULL_CONVERSION = YES;
				CLANG_WARN_OBJC_IMPLICIT_RETAIN_SELF = YES;
				CLANG_WARN_OBJC_LITERAL_CONVERSION = YES;
				CLANG_WARN_OBJC_ROOT_CLASS = YES_ERROR;
				CLANG_WARN_QUOTED_INCLUDE_IN_FRAMEWORK_HEADER = YES;
				CLANG_WARN_RANGE_LOOP_ANALYSIS = YES;
				CLANG_WARN_STRICT_PROTOTYPES = YES;
				CLANG_WARN_SUSPICIOUS_MOVE = YES;
				CLANG_WARN_UNGUARDED_AVAILABILITY = YES_AGGRESSIVE;
				CLANG_WARN_UNREACHABLE_CODE = YES;
				CLANG_WARN__DUPLICATE_METHOD_MATCH = YES;
				COPY_PHASE_STRIP = NO;
				DEBUG_INFORMATION_FORMAT = dwarf;
				ENABLE_STRICT_OBJC_MSGSEND = YES;
				ENABLE_TESTABILITY = YES;
				ENABLE_USER_SCRIPT_SANDBOXING = YES;
				GCC_C_LANGUAGE_STANDARD = gnu17;
				GCC_DYNAMIC_NO_PIC = NO;
				GCC_NO_COMMON_BLOCKS = YES;
				GCC_OPTIMIZATION_LEVEL = 0;
				GCC_PREPROCESSOR_DEFINITIONS = (
					"DEBUG=1",
					"$(inherited)",
				);
				GCC_WARN_64_TO_32_BIT_CONVERSION = YES;
				GCC_WARN_ABOUT_RETURN_TYPE = YES_ERROR;
				GCC_WARN_UNDECLARED_SELECTOR = YES;
				GCC_WARN_UNINITIALIZED_AUTOS = YES_AGGRESSIVE;
				GCC_WARN_UNUSED_FUNCTION = YES;
				GCC_WARN_UNUSED_VARIABLE = YES;
				IPHONEOS_DEPLOYMENT_TARGET = 18.2;
				LOCALIZATION_PREFERS_STRING_CATALOGS = YES;
				MTL_ENABLE_DEBUG_INFO = INCLUDE_SOURCE;
				MTL_FAST_MATH = YES;
				ONLY_ACTIVE_ARCH = YES;
				SDKROOT = iphoneos;
				SWIFT_ACTIVE_COMPILATION_CONDITIONS = "DEBUG $(inherited)";
				SWIFT_OPTIMIZATION_LEVEL = "-Onone";
			};
			name = Debug;
		};
		17ED03092D0CC81E00C406E1 /* Release */ = {
			isa = XCBuildConfiguration;
			buildSettings = {
				ALWAYS_SEARCH_USER_PATHS = NO;
				ASSETCATALOG_COMPILER_GENERATE_SWIFT_ASSET_SYMBOL_EXTENSIONS = YES;
				CLANG_ANALYZER_NONNULL = YES;
				CLANG_ANALYZER_NUMBER_OBJECT_CONVERSION = YES_AGGRESSIVE;
				CLANG_CXX_LANGUAGE_STANDARD = "gnu++20";
				CLANG_ENABLE_MODULES = YES;
				CLANG_ENABLE_OBJC_ARC = YES;
				CLANG_ENABLE_OBJC_WEAK = YES;
				CLANG_WARN_BLOCK_CAPTURE_AUTORELEASING = YES;
				CLANG_WARN_BOOL_CONVERSION = YES;
				CLANG_WARN_COMMA = YES;
				CLANG_WARN_CONSTANT_CONVERSION = YES;
				CLANG_WARN_DEPRECATED_OBJC_IMPLEMENTATIONS = YES;
				CLANG_WARN_DIRECT_OBJC_ISA_USAGE = YES_ERROR;
				CLANG_WARN_DOCUMENTATION_COMMENTS = YES;
				CLANG_WARN_EMPTY_BODY = YES;
				CLANG_WARN_ENUM_CONVERSION = YES;
				CLANG_WARN_INFINITE_RECURSION = YES;
				CLANG_WARN_INT_CONVERSION = YES;
				CLANG_WARN_NON_LITERAL_NULL_CONVERSION = YES;
				CLANG_WARN_OBJC_IMPLICIT_RETAIN_SELF = YES;
				CLANG_WARN_OBJC_LITERAL_CONVERSION = YES;
				CLANG_WARN_OBJC_ROOT_CLASS = YES_ERROR;
				CLANG_WARN_QUOTED_INCLUDE_IN_FRAMEWORK_HEADER = YES;
				CLANG_WARN_RANGE_LOOP_ANALYSIS = YES;
				CLANG_WARN_STRICT_PROTOTYPES = YES;
				CLANG_WARN_SUSPICIOUS_MOVE = YES;
				CLANG_WARN_UNGUARDED_AVAILABILITY = YES_AGGRESSIVE;
				CLANG_WARN_UNREACHABLE_CODE = YES;
				CLANG_WARN__DUPLICATE_METHOD_MATCH = YES;
				COPY_PHASE_STRIP = NO;
				DEBUG_INFORMATION_FORMAT = "dwarf-with-dsym";
				ENABLE_NS_ASSERTIONS = NO;
				ENABLE_STRICT_OBJC_MSGSEND = YES;
				ENABLE_USER_SCRIPT_SANDBOXING = YES;
				GCC_C_LANGUAGE_STANDARD = gnu17;
				GCC_NO_COMMON_BLOCKS = YES;
				GCC_WARN_64_TO_32_BIT_CONVERSION = YES;
				GCC_WARN_ABOUT_RETURN_TYPE = YES_ERROR;
				GCC_WARN_UNDECLARED_SELECTOR = YES;
				GCC_WARN_UNINITIALIZED_AUTOS = YES_AGGRESSIVE;
				GCC_WARN_UNUSED_FUNCTION = YES;
				GCC_WARN_UNUSED_VARIABLE = YES;
				IPHONEOS_DEPLOYMENT_TARGET = 18.2;
				LOCALIZATION_PREFERS_STRING_CATALOGS = YES;
				MTL_ENABLE_DEBUG_INFO = NO;
				MTL_FAST_MATH = YES;
				SDKROOT = iphoneos;
				SWIFT_COMPILATION_MODE = wholemodule;
				VALIDATE_PRODUCT = YES;
			};
			name = Release;
		};
		17ED030B2D0CC81E00C406E1 /* Debug */ = {
			isa = XCBuildConfiguration;
			buildSettings = {
				ASSETCATALOG_COMPILER_APPICON_NAME = AppIcon;
				ASSETCATALOG_COMPILER_GLOBAL_ACCENT_COLOR_NAME = AccentColor;
				CODE_SIGN_STYLE = Automatic;
				CURRENT_PROJECT_VERSION = 1;
				DEVELOPMENT_ASSET_PATHS = "\"esBudget/Preview Content\"";
				DEVELOPMENT_TEAM = TA8C89C655;
				ENABLE_PREVIEWS = YES;
				GENERATE_INFOPLIST_FILE = YES;
				INFOPLIST_KEY_UIApplicationSceneManifest_Generation = YES;
				INFOPLIST_KEY_UIApplicationSupportsIndirectInputEvents = YES;
				INFOPLIST_KEY_UILaunchScreen_Generation = YES;
				INFOPLIST_KEY_UISupportedInterfaceOrientations_iPad = "UIInterfaceOrientationPortrait UIInterfaceOrientationPortraitUpsideDown UIInterfaceOrientationLandscapeLeft UIInterfaceOrientationLandscapeRight";
				INFOPLIST_KEY_UISupportedInterfaceOrientations_iPhone = "UIInterfaceOrientationPortrait UIInterfaceOrientationLandscapeLeft UIInterfaceOrientationLandscapeRight";
				LD_RUNPATH_SEARCH_PATHS = (
					"$(inherited)",
					"@executable_path/Frameworks",
				);
				MARKETING_VERSION = 1.0;
				PRODUCT_BUNDLE_IDENTIFIER = emsite.esBudget;
				PRODUCT_NAME = "$(TARGET_NAME)";
				SWIFT_EMIT_LOC_STRINGS = YES;
				SWIFT_VERSION = 5.0;
				TARGETED_DEVICE_FAMILY = "1,2";
			};
			name = Debug;
		};
		17ED030C2D0CC81E00C406E1 /* Release */ = {
			isa = XCBuildConfiguration;
			buildSettings = {
				ASSETCATALOG_COMPILER_APPICON_NAME = AppIcon;
				ASSETCATALOG_COMPILER_GLOBAL_ACCENT_COLOR_NAME = AccentColor;
				CODE_SIGN_STYLE = Automatic;
				CURRENT_PROJECT_VERSION = 1;
				DEVELOPMENT_ASSET_PATHS = "\"esBudget/Preview Content\"";
				DEVELOPMENT_TEAM = TA8C89C655;
				ENABLE_PREVIEWS = YES;
				GENERATE_INFOPLIST_FILE = YES;
				INFOPLIST_KEY_UIApplicationSceneManifest_Generation = YES;
				INFOPLIST_KEY_UIApplicationSupportsIndirectInputEvents = YES;
				INFOPLIST_KEY_UILaunchScreen_Generation = YES;
				INFOPLIST_KEY_UISupportedInterfaceOrientations_iPad = "UIInterfaceOrientationPortrait UIInterfaceOrientationPortraitUpsideDown UIInterfaceOrientationLandscapeLeft UIInterfaceOrientationLandscapeRight";
				INFOPLIST_KEY_UISupportedInterfaceOrientations_iPhone = "UIInterfaceOrientationPortrait UIInterfaceOrientationLandscapeLeft UIInterfaceOrientationLandscapeRight";
				LD_RUNPATH_SEARCH_PATHS = (
					"$(inherited)",
					"@executable_path/Frameworks",
				);
				MARKETING_VERSION = 1.0;
				PRODUCT_BUNDLE_IDENTIFIER = emsite.esBudget;
				PRODUCT_NAME = "$(TARGET_NAME)";
				SWIFT_EMIT_LOC_STRINGS = YES;
				SWIFT_VERSION = 5.0;
				TARGETED_DEVICE_FAMILY = "1,2";
			};
			name = Release;
		};
		17ED030E2D0CC81E00C406E1 /* Debug */ = {
			isa = XCBuildConfiguration;
			buildSettings = {
				BUNDLE_LOADER = "$(TEST_HOST)";
				CODE_SIGN_STYLE = Automatic;
				CURRENT_PROJECT_VERSION = 1;
				DEVELOPMENT_TEAM = TA8C89C655;
				GENERATE_INFOPLIST_FILE = YES;
				IPHONEOS_DEPLOYMENT_TARGET = 18.2;
				MARKETING_VERSION = 1.0;
				PRODUCT_BUNDLE_IDENTIFIER = emsite.esBudgetTests;
				PRODUCT_NAME = "$(TARGET_NAME)";
				SWIFT_EMIT_LOC_STRINGS = NO;
				SWIFT_VERSION = 5.0;
				TARGETED_DEVICE_FAMILY = "1,2";
				TEST_HOST = "$(BUILT_PRODUCTS_DIR)/esBudget.app/$(BUNDLE_EXECUTABLE_FOLDER_PATH)/esBudget";
			};
			name = Debug;
		};
		17ED030F2D0CC81E00C406E1 /* Release */ = {
			isa = XCBuildConfiguration;
			buildSettings = {
				BUNDLE_LOADER = "$(TEST_HOST)";
				CODE_SIGN_STYLE = Automatic;
				CURRENT_PROJECT_VERSION = 1;
				DEVELOPMENT_TEAM = TA8C89C655;
				GENERATE_INFOPLIST_FILE = YES;
				IPHONEOS_DEPLOYMENT_TARGET = 18.2;
				MARKETING_VERSION = 1.0;
				PRODUCT_BUNDLE_IDENTIFIER = emsite.esBudgetTests;
				PRODUCT_NAME = "$(TARGET_NAME)";
				SWIFT_EMIT_LOC_STRINGS = NO;
				SWIFT_VERSION = 5.0;
				TARGETED_DEVICE_FAMILY = "1,2";
				TEST_HOST = "$(BUILT_PRODUCTS_DIR)/esBudget.app/$(BUNDLE_EXECUTABLE_FOLDER_PATH)/esBudget";
			};
			name = Release;
		};
		17ED03112D0CC81E00C406E1 /* Debug */ = {
			isa = XCBuildConfiguration;
			buildSettings = {
				CODE_SIGN_STYLE = Automatic;
				CURRENT_PROJECT_VERSION = 1;
				DEVELOPMENT_TEAM = TA8C89C655;
				GENERATE_INFOPLIST_FILE = YES;
				MARKETING_VERSION = 1.0;
				PRODUCT_BUNDLE_IDENTIFIER = emsite.esBudgetUITests;
				PRODUCT_NAME = "$(TARGET_NAME)";
				SWIFT_EMIT_LOC_STRINGS = NO;
				SWIFT_VERSION = 5.0;
				TARGETED_DEVICE_FAMILY = "1,2";
				TEST_TARGET_NAME = esBudget;
			};
			name = Debug;
		};
		17ED03122D0CC81E00C406E1 /* Release */ = {
			isa = XCBuildConfiguration;
			buildSettings = {
				CODE_SIGN_STYLE = Automatic;
				CURRENT_PROJECT_VERSION = 1;
				DEVELOPMENT_TEAM = TA8C89C655;
				GENERATE_INFOPLIST_FILE = YES;
				MARKETING_VERSION = 1.0;
				PRODUCT_BUNDLE_IDENTIFIER = emsite.esBudgetUITests;
				PRODUCT_NAME = "$(TARGET_NAME)";
				SWIFT_EMIT_LOC_STRINGS = NO;
				SWIFT_VERSION = 5.0;
				TARGETED_DEVICE_FAMILY = "1,2";
				TEST_TARGET_NAME = esBudget;
			};
			name = Release;
		};
/* End XCBuildConfiguration section */

/* Begin XCConfigurationList section */
		17ED02E12D0CC81C00C406E1 /* Build configuration list for PBXProject "esBudget" */ = {
			isa = XCConfigurationList;
			buildConfigurations = (
				17ED03082D0CC81E00C406E1 /* Debug */,
				17ED03092D0CC81E00C406E1 /* Release */,
			);
			defaultConfigurationIsVisible = 0;
			defaultConfigurationName = Release;
		};
		17ED030A2D0CC81E00C406E1 /* Build configuration list for PBXNativeTarget "esBudget" */ = {
			isa = XCConfigurationList;
			buildConfigurations = (
				17ED030B2D0CC81E00C406E1 /* Debug */,
				17ED030C2D0CC81E00C406E1 /* Release */,
			);
			defaultConfigurationIsVisible = 0;
			defaultConfigurationName = Release;
		};
		17ED030D2D0CC81E00C406E1 /* Build configuration list for PBXNativeTarget "esBudgetTests" */ = {
			isa = XCConfigurationList;
			buildConfigurations = (
				17ED030E2D0CC81E00C406E1 /* Debug */,
				17ED030F2D0CC81E00C406E1 /* Release */,
			);
			defaultConfigurationIsVisible = 0;
			defaultConfigurationName = Release;
		};
		17ED03102D0CC81E00C406E1 /* Build configuration list for PBXNativeTarget "esBudgetUITests" */ = {
			isa = XCConfigurationList;
			buildConfigurations = (
				17ED03112D0CC81E00C406E1 /* Debug */,
				17ED03122D0CC81E00C406E1 /* Release */,
			);
			defaultConfigurationIsVisible = 0;
			defaultConfigurationName = Release;
		};
/* End XCConfigurationList section */

/* Begin XCRemoteSwiftPackageReference section */
		17ED03152D0CEFE800C406E1 /* XCRemoteSwiftPackageReference "firebase-ios-sdk" */ = {
			isa = XCRemoteSwiftPackageReference;
			repositoryURL = "https://github.com/firebase/firebase-ios-sdk";
			requirement = {
				kind = upToNextMajorVersion;
				minimumVersion = 11.6.0;
			};
		};
/* End XCRemoteSwiftPackageReference section */

/* Begin XCSwiftPackageProductDependency section */
		17ED03162D0CEFE800C406E1 /* FirebaseAnalytics */ = {
			isa = XCSwiftPackageProductDependency;
			package = 17ED03152D0CEFE800C406E1 /* XCRemoteSwiftPackageReference "firebase-ios-sdk" */;
			productName = FirebaseAnalytics;
		};
		17ED03182D0CEFE800C406E1 /* FirebaseAppCheck */ = {
			isa = XCSwiftPackageProductDependency;
			package = 17ED03152D0CEFE800C406E1 /* XCRemoteSwiftPackageReference "firebase-ios-sdk" */;
			productName = FirebaseAppCheck;
		};
		17ED031A2D0CEFE800C406E1 /* FirebaseAuth */ = {
			isa = XCSwiftPackageProductDependency;
			package = 17ED03152D0CEFE800C406E1 /* XCRemoteSwiftPackageReference "firebase-ios-sdk" */;
			productName = FirebaseAuth;
		};
		17ED031C2D0CEFE800C406E1 /* FirebaseDatabase */ = {
			isa = XCSwiftPackageProductDependency;
			package = 17ED03152D0CEFE800C406E1 /* XCRemoteSwiftPackageReference "firebase-ios-sdk" */;
			productName = FirebaseDatabase;
		};
		17ED031E2D0CEFE800C406E1 /* FirebaseStorage */ = {
			isa = XCSwiftPackageProductDependency;
			package = 17ED03152D0CEFE800C406E1 /* XCRemoteSwiftPackageReference "firebase-ios-sdk" */;
			productName = FirebaseStorage;
		};
/* End XCSwiftPackageProductDependency section */
	};
	rootObject = 17ED02DE2D0CC81C00C406E1 /* Project object */;
}
